dependencies:
- name: securedbank-lib
  repository: file://charts/securedbank-lib
  version: 0.1.0
- name: keycloakx
  repository: https://codecentric.github.io/helm-charts
  version: 7.2.2
- name: loki
  repository: https://grafana.github.io/helm-charts
  version: 6.42.0
- name: alloy
  repository: https://grafana.github.io/helm-charts
  version: 1.12.1
- name: tempo
  repository: https://grafana.github.io/helm-charts
  version: 1.24.4
- name: grafana
  repository: https://grafana.github.io/helm-charts
  version: 10.5.15
- name: prometheus
  repository: https://prometheus-community.github.io/helm-charts
  version: 29.27.1
digest: sha256:aa0a5bfab217abdcf1899a5fb2cd9d4b5392beaf9aff049269fd5f8df4838f40
generated: "2026-09-06T07:55:47.293017-05:00"
